<?xml version="1.0" encoding="utf-8"?>
<Project ToolsVersion="4.0" xmlns="http://schemas.microsoft.com/developer/msbuild/2003">
  <ItemGroup>
    <Filter Include="Resource Files">
      <UniqueIdentifier>{67DA6AB6-F800-4c08-8B7A-83BB121AAD01}</UniqueIdentifier>
      <Extensions>rc;ico;cur;bmp;dlg;rc2;rct;bin;rgs;gif;jpg;jpeg;jpe;resx;tiff;tif;png;wav;mfcribbon-ms</Extensions>
    </Filter>
    <Filter Include="main">
      <UniqueIdentifier>{4FC737F1-C7A5-4376-A066-2A32D752A2FF}</UniqueIdentifier>
      <Extensions>cpp;c;cc;cxx;c++;cppm;ixx;def;odl;idl;hpj;bat;asm;asmx</Extensions>
    </Filter>
    <Filter Include="render">
      <UniqueIdentifier>{595892ae-14d7-4e1d-b8e6-f194e3d21e8d}</UniqueIdentifier>
    </Filter>
    <Filter Include="render\headers">
      <UniqueIdentifier>{6725f513-ccf2-4630-b4b8-bd834c4fe0de}</UniqueIdentifier>
    </Filter>
    <Filter Include="misc">
      <UniqueIdentifier>{8e949b63-bee5-4c2f-9949-5b6d61362f18}</UniqueIdentifier>
    </Filter>
    <Filter Include="render\render_passes">
      <UniqueIdentifier>{c48772ce-36ac-48c3-9d5e-40b6cf174bfc}</UniqueIdentifier>
    </Filter>
    <Filter Include="editor">
      <UniqueIdentifier>{0ef6dedc-159f-455c-8138-33f5fd6cdd75}</UniqueIdentifier>
    </Filter>
    <Filter Include="editor\headers">
      <UniqueIdentifier>{794306d8-cea8-445d-905e-85cbeed06eaa}</UniqueIdentifier>
    </Filter>
    <Filter Include="render\render_passes\headers">
      <UniqueIdentifier>{0d9f4614-009b-4d09-8341-bf583b41101f}</UniqueIdentifier>
    </Filter>
    <Filter Include="core">
      <UniqueIdentifier>{e40bb4de-5e8e-462a-a078-a7215fa72a6d}</UniqueIdentifier>
    </Filter>
    <Filter Include="core\headers">
      <UniqueIdentifier>{9427dfa8-2deb-490a-825e-dc26974102fd}</UniqueIdentifier>
    </Filter>
    <Filter Include="core\lua">
      <UniqueIdentifier>{98fc55dd-423d-4ffb-a3dd-8eab2802538e}</UniqueIdentifier>
    </Filter>
    <Filter Include="core\nodes">
      <UniqueIdentifier>{81dcdb16-ef48-4116-aeff-7bffe1d314d8}</UniqueIdentifier>
    </Filter>
    <Filter Include="core\nodes\headers">
      <UniqueIdentifier>{f98378d6-7853-4803-8cb0-68f3bce0830d}</UniqueIdentifier>
    </Filter>
    <Filter Include="core\lua\headers">
      <UniqueIdentifier>{f45f7d98-dd86-474c-af35-4c265d97c19c}</UniqueIdentifier>
    </Filter>
    <Filter Include="editor\inspectors">
      <UniqueIdentifier>{9fa19557-06d3-46f9-b99f-de68cdc95dde}</UniqueIdentifier>
    </Filter>
  </ItemGroup>
  <ItemGroup>
    <ClCompile Include="main.cpp">
      <Filter>main</Filter>
    </ClCompile>
    <ClCompile Include="window.cpp">
      <Filter>render</Filter>
    </ClCompile>
    <ClCompile Include="gl3w.c">
      <Filter>render</Filter>
    </ClCompile>
    <ClCompile Include="gbuffer.cpp">
      <Filter>render</Filter>
    </ClCompile>
    <ClCompile Include="shader.cpp">
      <Filter>render</Filter>
    </ClCompile>
    <ClCompile Include="debug.cpp">
      <Filter>render</Filter>
    </ClCompile>
    <ClCompile Include="errors.cpp">
      <Filter>render</Filter>
    </ClCompile>
    <ClCompile Include="render_target.cpp">
      <Filter>render</Filter>
    </ClCompile>
    <ClCompile Include="texture.cpp">
      <Filter>render</Filter>
    </ClCompile>
    <ClCompile Include="mesh.cpp">
      <Filter>render</Filter>
    </ClCompile>
    <ClCompile Include="model.cpp">
      <Filter>render</Filter>
    </ClCompile>
    <ClCompile Include="camera.cpp">
      <Filter>render</Filter>
    </ClCompile>
    <ClCompile Include="game.cpp">
      <Filter>core</Filter>
    </ClCompile>
    <ClCompile Include="pass_geometry.cpp">
      <Filter>render\render_passes</Filter>
    </ClCompile>
    <ClCompile Include="pass_ssao.cpp">
      <Filter>render\render_passes</Filter>
    </ClCompile>
    <ClCompile Include="pipeline.cpp">
      <Filter>render</Filter>
    </ClCompile>
    <ClCompile Include="pass_light.cpp">
      <Filter>render\render_passes</Filter>
    </ClCompile>
    <ClCompile Include="effect_pass.cpp">
      <Filter>render\render_passes</Filter>
    </ClCompile>
    <ClCompile Include="pass_post_processing.cpp">
      <Filter>render\render_passes</Filter>
    </ClCompile>
    <ClCompile Include="pass_shadow_map.cpp">
      <Filter>render\render_passes</Filter>
    </ClCompile>
    <ClCompile Include="editor_debug.cpp">
      <Filter>editor</Filter>
    </ClCompile>
    <ClCompile Include="include\imGuIZMO.quat\imGuIZMOquat.cpp">
      <Filter>misc</Filter>
    </ClCompile>
    <ClCompile Include="node.cpp">
      <Filter>core</Filter>
    </ClCompile>
    <ClCompile Include="editor_main.cpp">
      <Filter>editor</Filter>
    </ClCompile>
    <ClCompile Include="input.cpp">
      <Filter>core</Filter>
    </ClCompile>
    <ClCompile Include="metadata_helpers.cpp">
      <Filter>editor</Filter>
    </ClCompile>
    <ClCompile Include="editor_scene_tree.cpp">
      <Filter>editor</Filter>
    </ClCompile>
    <ClCompile Include="lua_engine.cpp">
      <Filter>core\lua</Filter>
    </ClCompile>
    <ClCompile Include="asset.cpp">
      <Filter>core</Filter>
    </ClCompile>
    <ClCompile Include="script.cpp">
      <Filter>core\lua</Filter>
    </ClCompile>
    <ClCompile Include="lua_init_nodes.cpp">
      <Filter>core\lua</Filter>
    </ClCompile>
    <ClCompile Include="node_3d.cpp">
      <Filter>core\nodes</Filter>
    </ClCompile>
    <ClCompile Include="node_model.cpp">
      <Filter>core\nodes</Filter>
    </ClCompile>
  </ItemGroup>
  <ItemGroup>
    <ClInclude Include="window.h">
      <Filter>render\headers</Filter>
    </ClInclude>
    <ClInclude Include="gbuffer.h">
      <Filter>render\headers</Filter>
    </ClInclude>
    <ClInclude Include="shader.h">
      <Filter>render\headers</Filter>
    </ClInclude>
    <ClInclude Include="debug.h">
      <Filter>render\headers</Filter>
    </ClInclude>
    <ClInclude Include="errors.h">
      <Filter>render\headers</Filter>
    </ClInclude>
    <ClInclude Include="helpers.h">
      <Filter>misc</Filter>
    </ClInclude>
    <ClInclude Include="render_target.h">
      <Filter>render\headers</Filter>
    </ClInclude>
    <ClInclude Include="texture.h">
      <Filter>render\headers</Filter>
    </ClInclude>
    <ClInclude Include="mesh.h">
      <Filter>render\headers</Filter>
    </ClInclude>
    <ClInclude Include="model.h">
      <Filter>render\headers</Filter>
    </ClInclude>
    <ClInclude Include="camera.h">
      <Filter>render\headers</Filter>
    </ClInclude>
    <ClInclude Include="game.h">
      <Filter>core\headers</Filter>
    </ClInclude>
    <ClInclude Include="pipeline.h">
      <Filter>render\headers</Filter>
    </ClInclude>
    <ClInclude Include="pass_ssao.h">
      <Filter>render\render_passes\headers</Filter>
    </ClInclude>
    <ClInclude Include="pass_geometry.h">
      <Filter>render\render_passes\headers</Filter>
    </ClInclude>
    <ClInclude Include="pass_light.h">
      <Filter>render\render_passes\headers</Filter>
    </ClInclude>
    <ClInclude Include="default_pipeline.h">
      <Filter>render\render_passes\headers</Filter>
    </ClInclude>
    <ClInclude Include="effect_pass.h">
      <Filter>render\render_passes\headers</Filter>
    </ClInclude>
    <ClInclude Include="pass_post_processing.h">
      <Filter>render\render_passes\headers</Filter>
    </ClInclude>
    <ClInclude Include="pass_shadow_map.h">
      <Filter>render\render_passes\headers</Filter>
    </ClInclude>
    <ClInclude Include="editor_debug.h">
      <Filter>editor\headers</Filter>
    </ClInclude>
    <ClInclude Include="node.h">
      <Filter>core\headers</Filter>
    </ClInclude>
    <ClInclude Include="editor_scene_tree.h">
      <Filter>editor\headers</Filter>
    </ClInclude>
    <ClInclude Include="editor_main.h">
      <Filter>editor\headers</Filter>
    </ClInclude>
    <ClInclude Include="imgui_style.h">
      <Filter>editor\headers</Filter>
    </ClInclude>
    <ClInclude Include="input.h">
      <Filter>core\headers</Filter>
    </ClInclude>
    <ClInclude Include="metadata_helpers.h">
      <Filter>editor\headers</Filter>
    </ClInclude>
    <ClInclude Include="lua_engine.h">
      <Filter>core\lua\headers</Filter>
    </ClInclude>
    <ClInclude Include="node_3d.h">
      <Filter>core\nodes\headers</Filter>
    </ClInclude>
    <ClInclude Include="asset.h">
      <Filter>core\headers</Filter>
    </ClInclude>
    <ClInclude Include="script.h">
      <Filter>core\lua\headers</Filter>
    </ClInclude>
    <ClInclude Include="lua_init_nodes.h">
      <Filter>core\lua\headers</Filter>
    </ClInclude>
    <ClInclude Include="node_model.h">
      <Filter>core\nodes\headers</Filter>
    </ClInclude>
    <ClInclude Include="drawable.h">
      <Filter>render\headers</Filter>
    </ClInclude>
    <ClInclude Include="inspector_node3d.h">
      <Filter>editor\inspectors</Filter>
    </ClInclude>
  </ItemGroup>
</Project>