<?xml version="1.0" encoding="utf-8"?>
<Project ToolsVersion="4.0" xmlns="http://schemas.microsoft.com/developer/msbuild/2003">
  <ItemGroup>
    <Filter Include="Resource Files">
      <UniqueIdentifier>{67DA6AB6-F800-4c08-8B7A-83BB121AAD01}</UniqueIdentifier>
      <Extensions>rc;ico;cur;bmp;dlg;rc2;rct;bin;rgs;gif;jpg;jpeg;jpe;resx;tiff;tif;png;wav;mfcribbon-ms</Extensions>
    </Filter>
    <Filter Include="main">
      <UniqueIdentifier>{4FC737F1-C7A5-4376-A066-2A32D752A2FF}</UniqueIdentifier>
      <Extensions>cpp;c;cc;cxx;c++;cppm;ixx;def;odl;idl;hpj;bat;asm;asmx</Extensions>
    </Filter>
    <Filter Include="render">
      <UniqueIdentifier>{595892ae-14d7-4e1d-b8e6-f194e3d21e8d}</UniqueIdentifier>
    </Filter>
    <Filter Include="render\headers">
      <UniqueIdentifier>{6725f513-ccf2-4630-b4b8-bd834c4fe0de}</UniqueIdentifier>
    </Filter>
    <Filter Include="misc">
      <UniqueIdentifier>{8e949b63-bee5-4c2f-9949-5b6d61362f18}</UniqueIdentifier>
    </Filter>
    <Filter Include="game">
      <UniqueIdentifier>{e40bb4de-5e8e-462a-a078-a7215fa72a6d}</UniqueIdentifier>
    </Filter>
    <Filter Include="game\headers">
      <UniqueIdentifier>{9427dfa8-2deb-490a-825e-dc26974102fd}</UniqueIdentifier>
    </Filter>
    <Filter Include="render\headers\render_passes">
      <UniqueIdentifier>{0d9f4614-009b-4d09-8341-bf583b41101f}</UniqueIdentifier>
    </Filter>
    <Filter Include="render\render_passes">
      <UniqueIdentifier>{c48772ce-36ac-48c3-9d5e-40b6cf174bfc}</UniqueIdentifier>
    </Filter>
  </ItemGroup>
  <ItemGroup>
    <ClCompile Include="main.cpp">
      <Filter>main</Filter>
    </ClCompile>
    <ClCompile Include="window.cpp">
      <Filter>render</Filter>
    </ClCompile>
    <ClCompile Include="gl3w.c">
      <Filter>render</Filter>
    </ClCompile>
    <ClCompile Include="gbuffer.cpp">
      <Filter>render</Filter>
    </ClCompile>
    <ClCompile Include="shader.cpp">
      <Filter>render</Filter>
    </ClCompile>
    <ClCompile Include="debug.cpp">
      <Filter>render</Filter>
    </ClCompile>
    <ClCompile Include="errors.cpp">
      <Filter>render</Filter>
    </ClCompile>
    <ClCompile Include="editor_ui.cpp">
      <Filter>render</Filter>
    </ClCompile>
    <ClCompile Include="render_target.cpp">
      <Filter>render</Filter>
    </ClCompile>
    <ClCompile Include="asset.cpp">
      <Filter>render</Filter>
    </ClCompile>
    <ClCompile Include="texture.cpp">
      <Filter>render</Filter>
    </ClCompile>
    <ClCompile Include="mesh.cpp">
      <Filter>render</Filter>
    </ClCompile>
    <ClCompile Include="model.cpp">
      <Filter>render</Filter>
    </ClCompile>
    <ClCompile Include="camera.cpp">
      <Filter>render</Filter>
    </ClCompile>
    <ClCompile Include="game.cpp">
      <Filter>game</Filter>
    </ClCompile>
    <ClCompile Include="pass_geometry.cpp">
      <Filter>render\render_passes</Filter>
    </ClCompile>
    <ClCompile Include="pass_ssao.cpp">
      <Filter>render\render_passes</Filter>
    </ClCompile>
    <ClCompile Include="pipeline.cpp">
      <Filter>render</Filter>
    </ClCompile>
    <ClCompile Include="pass_light.cpp">
      <Filter>render\render_passes</Filter>
    </ClCompile>
  </ItemGroup>
  <ItemGroup>
    <ClInclude Include="window.h">
      <Filter>render\headers</Filter>
    </ClInclude>
    <ClInclude Include="imgui_style.h">
      <Filter>render\headers</Filter>
    </ClInclude>
    <ClInclude Include="gbuffer.h">
      <Filter>render\headers</Filter>
    </ClInclude>
    <ClInclude Include="shader.h">
      <Filter>render\headers</Filter>
    </ClInclude>
    <ClInclude Include="debug.h">
      <Filter>render\headers</Filter>
    </ClInclude>
    <ClInclude Include="errors.h">
      <Filter>render\headers</Filter>
    </ClInclude>
    <ClInclude Include="editor_ui.h">
      <Filter>render\headers</Filter>
    </ClInclude>
    <ClInclude Include="helpers.h">
      <Filter>misc</Filter>
    </ClInclude>
    <ClInclude Include="render_target.h">
      <Filter>render\headers</Filter>
    </ClInclude>
    <ClInclude Include="texture.h">
      <Filter>render\headers</Filter>
    </ClInclude>
    <ClInclude Include="asset.h">
      <Filter>render\headers</Filter>
    </ClInclude>
    <ClInclude Include="mesh.h">
      <Filter>render\headers</Filter>
    </ClInclude>
    <ClInclude Include="model.h">
      <Filter>render\headers</Filter>
    </ClInclude>
    <ClInclude Include="camera.h">
      <Filter>render\headers</Filter>
    </ClInclude>
    <ClInclude Include="game.h">
      <Filter>game\headers</Filter>
    </ClInclude>
    <ClInclude Include="pipeline.h">
      <Filter>render\headers</Filter>
    </ClInclude>
    <ClInclude Include="pass_ssao.h">
      <Filter>render\headers\render_passes</Filter>
    </ClInclude>
    <ClInclude Include="pass_geometry.h">
      <Filter>render\headers\render_passes</Filter>
    </ClInclude>
    <ClInclude Include="pass_light.h">
      <Filter>render\headers\render_passes</Filter>
    </ClInclude>
    <ClInclude Include="default_pipeline.h">
      <Filter>render\headers\render_passes</Filter>
    </ClInclude>
  </ItemGroup>
</Project>